// !$*UTF8*$!
{
	archiveVersion = 1;
	classes = {
	};
	objectVersion = 77;
	objects = {

/* Begin PBXBuildFile section */
		BC0000000000000000000016 /* SwiftSyntax in Frameworks */ = {isa = PBXBuildFile; productRef = BC0000000000000000000014 /* SwiftSyntax */; };
		BC0000000000000000000017 /* SwiftParser in Frameworks */ = {isa = PBXBuildFile; productRef = BC0000000000000000000015 /* SwiftParser */; };
		BC0000000000000000000019 /* SwiftOperators in Frameworks */ = {isa = PBXBuildFile; productRef = BC0000000000000000000018 /* SwiftOperators */; };
		CB300000000000000000000F /* SwiftSyntax in Frameworks */ = {isa = PBXBuildFile; productRef = CB300000000000000000000C /* SwiftSyntax */; };
		CB3000000000000000000010 /* SwiftParser in Frameworks */ = {isa = PBXBuildFile; productRef = CB300000000000000000000D /* SwiftParser */; };
		CB3000000000000000000011 /* SwiftOperators in Frameworks */ = {isa = PBXBuildFile; productRef = CB300000000000000000000E /* SwiftOperators */; };
/* End PBXBuildFile section */

/* Begin PBXContainerItemProxy section */
		CB300000000000000000000B /* PBXContainerItemProxy */ = {
			isa = PBXContainerItemProxy;
			containerPortal = BC000000000000000000000A /* Project object */;
			proxyType = 1;
			remoteGlobalIDString = BC0000000000000000000006;
			remoteInfo = CodeBerry;
		};
/* End PBXContainerItemProxy section */

/* Begin PBXFileReference section */
		BC0000000000000000000001 /* CodeBerry.app */ = {isa = PBXFileReference; explicitFileType = wrapper.application; includeInIndex = 0; path = CodeBerry.app; sourceTree = BUILT_PRODUCTS_DIR; };
		CB3000000000000000000008 /* CodeBerryTests.xctest */ = {isa = PBXFileReference; explicitFileType = "wrapper.cfbundle"; includeInIndex = 0; path = CodeBerryTests.xctest; sourceTree = BUILT_PRODUCTS_DIR; };
/* End PBXFileReference section */

/* Begin PBXFileSystemSynchronizedRootGroup section */
		BC0000000000000000000002 /* CodeBerry */ = {
			isa = PBXFileSystemSynchronizedRootGroup;
			path = CodeBerry;
			sourceTree = "<group>";
		};
		CB3000000000000000000007 /* CodeBerryTests */ = {
			isa = PBXFileSystemSynchronizedRootGroup;
			path = CodeBerryTests;
			sourceTree = "<group>";
		};
/* End PBXFileSystemSynchronizedRootGroup section */

/* Begin PBXFrameworksBuildPhase section */
		BC0000000000000000000003 /* Frameworks */ = {
			isa = PBXFrameworksBuildPhase;
			buildActionMask = 2147483647;
			files = (
				BC0000000000000000000016 /* SwiftSyntax in Frameworks */,
				BC0000000000000000000017 /* SwiftParser in Frameworks */,
				BC0000000000000000000019 /* SwiftOperators in Frameworks */,
			);
			runOnlyForDeploymentPostprocessing = 0;
		};
		CB3000000000000000000004 /* Frameworks */ = {
			isa = PBXFrameworksBuildPhase;
			buildActionMask = 2147483647;
			files = (
				CB300000000000000000000F /* SwiftSyntax in Frameworks */,
				CB3000000000000000000010 /* SwiftParser in Frameworks */,
				CB3000000000000000000011 /* SwiftOperators in Frameworks */,
			);
			runOnlyForDeploymentPostprocessing = 0;
		};
/* End PBXFrameworksBuildPhase section */

/* Begin PBXGroup section */
		BC0000000000000000000004 = {
			isa = PBXGroup;
			children = (
				BC0000000000000000000002 /* CodeBerry */,
				CB3000000000000000000007 /* CodeBerryTests */,
				BC0000000000000000000005 /* Products */,
			);
			sourceTree = "<group>";
		};
		BC0000000000000000000005 /* Products */ = {
			isa = PBXGroup;
			children = (
				BC0000000000000000000001 /* CodeBerry.app */,
				CB3000000000000000000008 /* CodeBerryTests.xctest */,
			);
			name = Products;
			sourceTree = "<group>";
		};
/* End PBXGroup section */

/* Begin PBXTargetDependency section */
		CB3000000000000000000006 /* PBXTargetDependency */ = {
			isa = PBXTargetDependency;
			target = BC0000000000000000000006 /* CodeBerry */;
			targetProxy = CB300000000000000000000B /* PBXContainerItemProxy */;
		};
/* End PBXTargetDependency section */

/* Begin PBXNativeTarget section */
		BC0000000000000000000006 /* CodeBerry */ = {
			isa = PBXNativeTarget;
			buildConfigurationList = BC0000000000000000000007 /* Build configuration list for PBXNativeTarget "CodeBerry" */;
			buildPhases = (
				BC0000000000000000000008 /* Sources */,
				BC0000000000000000000003 /* Frameworks */,
				BC0000000000000000000009 /* Resources */,
			);
			buildRules = (
			);
			dependencies = (
			);
			fileSystemSynchronizedGroups = (
				BC0000000000000000000002 /* CodeBerry */,
			);
			name = CodeBerry;
			packageProductDependencies = (
				BC0000000000000000000014 /* SwiftSyntax */,
				BC0000000000000000000015 /* SwiftParser */,
				BC0000000000000000000018 /* SwiftOperators */,
			);
			productName = CodeBerry;
			productReference = BC0000000000000000000001 /* CodeBerry.app */;
			productType = "com.apple.product-type.application";
		};
		CB3000000000000000000001 /* CodeBerryTests */ = {
			isa = PBXNativeTarget;
			buildConfigurationList = CB3000000000000000000002 /* Build configuration list for PBXNativeTarget "CodeBerryTests" */;
			buildPhases = (
				CB3000000000000000000003 /* Sources */,
				CB3000000000000000000004 /* Frameworks */,
				CB3000000000000000000005 /* Resources */,
			);
			buildRules = (
			);
			dependencies = (
				CB3000000000000000000006 /* PBXTargetDependency */,
			);
			fileSystemSynchronizedGroups = (
				CB3000000000000000000007 /* CodeBerryTests */,
			);
			name = CodeBerryTests;
			packageProductDependencies = (
				CB300000000000000000000C /* SwiftSyntax */,
				CB300000000000000000000D /* SwiftParser */,
				CB300000000000000000000E /* SwiftOperators */,
			);
			productName = CodeBerryTests;
			productReference = CB3000000000000000000008 /* CodeBerryTests.xctest */;
			productType = "com.apple.product-type.bundle.unit-test";
		};
/* End PBXNativeTarget section */

/* Begin PBXProject section */
		BC000000000000000000000A /* Project object */ = {
			isa = PBXProject;
			attributes = {
				BuildIndependentTargetsInParallel = 1;
				LastUpgradeCheck = 2650;
				TargetAttributes = {
					BC0000000000000000000006 = {
						CreatedOnToolsVersion = 26.5;
					};
					CB3000000000000000000001 = {
						CreatedOnToolsVersion = 26.5;
					};
				};
			};
			buildConfigurationList = BC000000000000000000000B /* Build configuration list for PBXProject "CodeBerry" */;
			developmentRegion = en;
			hasScannedForEncodings = 0;
			knownRegions = (
				en,
				Base,
			);
			mainGroup = BC0000000000000000000004;
			minimizedProjectReferenceProxies = 1;
			packageReferences = (
				BC0000000000000000000013 /* XCRemoteSwiftPackageReference "swift-syntax" */,
			);
			preferredProjectObjectVersion = 77;
			productRefGroup = BC0000000000000000000005 /* Products */;
			projectDirPath = "";
			projectRoot = "";
			targets = (
				BC0000000000000000000006 /* CodeBerry */,
				CB3000000000000000000001 /* CodeBerryTests */,
			);
		};
/* End PBXProject section */

/* Begin PBXResourcesBuildPhase section */
		BC0000000000000000000009 /* Resources */ = {
			isa = PBXResourcesBuildPhase;
			buildActionMask = 2147483647;
			files = (
			);
			runOnlyForDeploymentPostprocessing = 0;
		};
		CB3000000000000000000005 /* Resources */ = {
			isa = PBXResourcesBuildPhase;
			buildActionMask = 2147483647;
			files = (
			);
			runOnlyForDeploymentPostprocessing = 0;
		};
/* End PBXResourcesBuildPhase section */

/* Begin PBXSourcesBuildPhase section */
		BC0000000000000000000008 /* Sources */ = {
			isa = PBXSourcesBuildPhase;
			buildActionMask = 2147483647;
			files = (
			);
			runOnlyForDeploymentPostprocessing = 0;
		};
		CB3000000000000000000003 /* Sources */ = {
			isa = PBXSourcesBuildPhase;
			buildActionMask = 2147483647;
			files = (
			);
			runOnlyForDeploymentPostprocessing = 0;
		};
/* End PBXSourcesBuildPhase section */

/* Begin XCBuildConfiguration section */
		BC000000000000000000000C /* Debug */ = {
			isa = XCBuildConfiguration;
			buildSettings = {
				ALWAYS_SEARCH_USER_PATHS = NO;
				ASSETCATALOG_COMPILER_GENERATE_SWIFT_ASSET_SYMBOL_EXTENSIONS = YES;
				COPY_PHASE_STRIP = NO;
				DEBUG_INFORMATION_FORMAT = dwarf;
				ENABLE_STRICT_OBJC_MSGSEND = YES;
				ENABLE_TESTABILITY = YES;
				ENABLE_USER_SCRIPT_SANDBOXING = YES;
				GCC_C_LANGUAGE_STANDARD = gnu17;
				GCC_DYNAMIC_NO_PIC = NO;
				GCC_NO_COMMON_BLOCKS = YES;
				GCC_OPTIMIZATION_LEVEL = 0;
				GCC_PREPROCESSOR_DEFINITIONS = (
					"DEBUG=1",
					"$(inherited)",
				);
				IPHONEOS_DEPLOYMENT_TARGET = 26.0;
				LOCALIZATION_PREFERS_STRING_CATALOGS = YES;
				MTL_ENABLE_DEBUG_INFO = INCLUDE_SOURCE;
				MTL_FAST_MATH = YES;
				ONLY_ACTIVE_ARCH = YES;
				SDKROOT = iphoneos;
				SWIFT_ACTIVE_COMPILATION_CONDITIONS = "DEBUG $(inherited)";
				SWIFT_OPTIMIZATION_LEVEL = "-Onone";
			};
			name = Debug;
		};
		BC000000000000000000000D /* Release */ = {
			isa = XCBuildConfiguration;
			buildSettings = {
				ALWAYS_SEARCH_USER_PATHS = NO;
				ASSETCATALOG_COMPILER_GENERATE_SWIFT_ASSET_SYMBOL_EXTENSIONS = YES;
				COPY_PHASE_STRIP = NO;
				DEBUG_INFORMATION_FORMAT = "dwarf-with-dsym";
				ENABLE_NS_ASSERTIONS = NO;
				ENABLE_STRICT_OBJC_MSGSEND = YES;
				ENABLE_USER_SCRIPT_SANDBOXING = YES;
				GCC_C_LANGUAGE_STANDARD = gnu17;
				GCC_NO_COMMON_BLOCKS = YES;
				IPHONEOS_DEPLOYMENT_TARGET = 26.0;
				LOCALIZATION_PREFERS_STRING_CATALOGS = YES;
				MTL_ENABLE_DEBUG_INFO = NO;
				MTL_FAST_MATH = YES;
				SDKROOT = iphoneos;
				SWIFT_COMPILATION_MODE = wholemodule;
				VALIDATE_PRODUCT = YES;
			};
			name = Release;
		};
		BC000000000000000000000E /* Debug */ = {
			isa = XCBuildConfiguration;
			buildSettings = {
				ASSETCATALOG_COMPILER_APPICON_NAME = AppIcon;
				ASSETCATALOG_COMPILER_GLOBAL_ACCENT_COLOR_NAME = AccentColor;
				CODE_SIGN_STYLE = Automatic;
				CURRENT_PROJECT_VERSION = 1;
				DEVELOPMENT_TEAM = 54GQFS3JDD;
				ENABLE_PREVIEWS = YES;
				GENERATE_INFOPLIST_FILE = YES;
				INFOPLIST_FILE = CodeBerryInfo.plist;
				INFOPLIST_KEY_LSSupportsOpeningDocumentsInPlace = YES;
				INFOPLIST_KEY_UIApplicationSceneManifest_Generation = YES;
				INFOPLIST_KEY_UIApplicationSupportsIndirectInputEvents = YES;
				INFOPLIST_KEY_UIFileSharingEnabled = YES;
				INFOPLIST_KEY_UILaunchScreen_Generation = YES;
				INFOPLIST_KEY_UISupportedInterfaceOrientations_iPad = "UIInterfaceOrientationPortrait UIInterfaceOrientationPortraitUpsideDown UIInterfaceOrientationLandscapeLeft UIInterfaceOrientationLandscapeRight";
				INFOPLIST_KEY_UISupportedInterfaceOrientations_iPhone = "UIInterfaceOrientationPortrait UIInterfaceOrientationLandscapeLeft UIInterfaceOrientationLandscapeRight";
				LD_RUNPATH_SEARCH_PATHS = (
					"$(inherited)",
					"@executable_path/Frameworks",
				);
				MARKETING_VERSION = 1.0;
				PRODUCT_BUNDLE_IDENTIFIER = com.oscarsantos.CodeBerry;
				PRODUCT_NAME = "$(TARGET_NAME)";
				SWIFT_EMIT_LOC_STRINGS = YES;
				SWIFT_VERSION = 6.0;
				TARGETED_DEVICE_FAMILY = "1,2";
			};
			name = Debug;
		};
		BC000000000000000000000F /* Release */ = {
			isa = XCBuildConfiguration;
			buildSettings = {
				ASSETCATALOG_COMPILER_APPICON_NAME = AppIcon;
				ASSETCATALOG_COMPILER_GLOBAL_ACCENT_COLOR_NAME = AccentColor;
				CODE_SIGN_STYLE = Automatic;
				CURRENT_PROJECT_VERSION = 1;
				DEVELOPMENT_TEAM = 54GQFS3JDD;
				ENABLE_PREVIEWS = YES;
				GENERATE_INFOPLIST_FILE = YES;
				INFOPLIST_FILE = CodeBerryInfo.plist;
				INFOPLIST_KEY_LSSupportsOpeningDocumentsInPlace = YES;
				INFOPLIST_KEY_UIApplicationSceneManifest_Generation = YES;
				INFOPLIST_KEY_UIApplicationSupportsIndirectInputEvents = YES;
				INFOPLIST_KEY_UIFileSharingEnabled = YES;
				INFOPLIST_KEY_UILaunchScreen_Generation = YES;
				INFOPLIST_KEY_UISupportedInterfaceOrientations_iPad = "UIInterfaceOrientationPortrait UIInterfaceOrientationPortraitUpsideDown UIInterfaceOrientationLandscapeLeft UIInterfaceOrientationLandscapeRight";
				INFOPLIST_KEY_UISupportedInterfaceOrientations_iPhone = "UIInterfaceOrientationPortrait UIInterfaceOrientationLandscapeLeft UIInterfaceOrientationLandscapeRight";
				LD_RUNPATH_SEARCH_PATHS = (
					"$(inherited)",
					"@executable_path/Frameworks",
				);
				MARKETING_VERSION = 1.0;
				PRODUCT_BUNDLE_IDENTIFIER = com.oscarsantos.CodeBerry;
				PRODUCT_NAME = "$(TARGET_NAME)";
				SWIFT_EMIT_LOC_STRINGS = YES;
				SWIFT_VERSION = 6.0;
				TARGETED_DEVICE_FAMILY = "1,2";
			};
			name = Release;
		};
		CB3000000000000000000009 /* Debug */ = {
			isa = XCBuildConfiguration;
			buildSettings = {
				BUNDLE_LOADER = "$(TEST_HOST)";
				CODE_SIGN_STYLE = Automatic;
				CURRENT_PROJECT_VERSION = 1;
				DEVELOPMENT_TEAM = 54GQFS3JDD;
				GENERATE_INFOPLIST_FILE = YES;
				LD_RUNPATH_SEARCH_PATHS = (
					"$(inherited)",
					"@executable_path/Frameworks",
					"@loader_path/Frameworks",
				);
				MARKETING_VERSION = 1.0;
				PRODUCT_BUNDLE_IDENTIFIER = com.oscarsantos.CodeBerryTests;
				PRODUCT_NAME = "$(TARGET_NAME)";
				SWIFT_EMIT_LOC_STRINGS = YES;
				SWIFT_VERSION = 6.0;
				TARGETED_DEVICE_FAMILY = "1,2";
				TEST_HOST = "$(BUILT_PRODUCTS_DIR)/CodeBerry.app/$(BUNDLE_EXECUTABLE_FOLDER_PATH)/CodeBerry";
			};
			name = Debug;
		};
		CB300000000000000000000A /* Release */ = {
			isa = XCBuildConfiguration;
			buildSettings = {
				BUNDLE_LOADER = "$(TEST_HOST)";
				CODE_SIGN_STYLE = Automatic;
				CURRENT_PROJECT_VERSION = 1;
				DEVELOPMENT_TEAM = 54GQFS3JDD;
				GENERATE_INFOPLIST_FILE = YES;
				LD_RUNPATH_SEARCH_PATHS = (
					"$(inherited)",
					"@executable_path/Frameworks",
					"@loader_path/Frameworks",
				);
				MARKETING_VERSION = 1.0;
				PRODUCT_BUNDLE_IDENTIFIER = com.oscarsantos.CodeBerryTests;
				PRODUCT_NAME = "$(TARGET_NAME)";
				SWIFT_EMIT_LOC_STRINGS = YES;
				SWIFT_VERSION = 6.0;
				TARGETED_DEVICE_FAMILY = "1,2";
				TEST_HOST = "$(BUILT_PRODUCTS_DIR)/CodeBerry.app/$(BUNDLE_EXECUTABLE_FOLDER_PATH)/CodeBerry";
			};
			name = Release;
		};
/* End XCBuildConfiguration section */

/* Begin XCConfigurationList section */
		BC0000000000000000000007 /* Build configuration list for PBXNativeTarget "CodeBerry" */ = {
			isa = XCConfigurationList;
			buildConfigurations = (
				BC000000000000000000000E /* Debug */,
				BC000000000000000000000F /* Release */,
			);
			defaultConfigurationIsVisible = 0;
			defaultConfigurationName = Release;
		};
		BC000000000000000000000B /* Build configuration list for PBXProject "CodeBerry" */ = {
			isa = XCConfigurationList;
			buildConfigurations = (
				BC000000000000000000000C /* Debug */,
				BC000000000000000000000D /* Release */,
			);
			defaultConfigurationIsVisible = 0;
			defaultConfigurationName = Release;
		};
		CB3000000000000000000002 /* Build configuration list for PBXNativeTarget "CodeBerryTests" */ = {
			isa = XCConfigurationList;
			buildConfigurations = (
				CB3000000000000000000009 /* Debug */,
				CB300000000000000000000A /* Release */,
			);
			defaultConfigurationIsVisible = 0;
			defaultConfigurationName = Release;
		};
/* End XCConfigurationList section */

/* Begin XCRemoteSwiftPackageReference section */
		BC0000000000000000000013 /* XCRemoteSwiftPackageReference "swift-syntax" */ = {
			isa = XCRemoteSwiftPackageReference;
			repositoryURL = "https://github.com/swiftlang/swift-syntax.git";
			requirement = {
				kind = upToNextMajorVersion;
				minimumVersion = 601.0.0;
			};
		};
/* End XCRemoteSwiftPackageReference section */

/* Begin XCSwiftPackageProductDependency section */
		BC0000000000000000000014 /* SwiftSyntax */ = {
			isa = XCSwiftPackageProductDependency;
			package = BC0000000000000000000013 /* XCRemoteSwiftPackageReference "swift-syntax" */;
			productName = SwiftSyntax;
		};
		BC0000000000000000000015 /* SwiftParser */ = {
			isa = XCSwiftPackageProductDependency;
			package = BC0000000000000000000013 /* XCRemoteSwiftPackageReference "swift-syntax" */;
			productName = SwiftParser;
		};
		BC0000000000000000000018 /* SwiftOperators */ = {
			isa = XCSwiftPackageProductDependency;
			package = BC0000000000000000000013 /* XCRemoteSwiftPackageReference "swift-syntax" */;
			productName = SwiftOperators;
		};
		CB300000000000000000000C /* SwiftSyntax */ = {
			isa = XCSwiftPackageProductDependency;
			package = BC0000000000000000000013 /* XCRemoteSwiftPackageReference "swift-syntax" */;
			productName = SwiftSyntax;
		};
		CB300000000000000000000D /* SwiftParser */ = {
			isa = XCSwiftPackageProductDependency;
			package = BC0000000000000000000013 /* XCRemoteSwiftPackageReference "swift-syntax" */;
			productName = SwiftParser;
		};
		CB300000000000000000000E /* SwiftOperators */ = {
			isa = XCSwiftPackageProductDependency;
			package = BC0000000000000000000013 /* XCRemoteSwiftPackageReference "swift-syntax" */;
			productName = SwiftOperators;
		};
/* End XCSwiftPackageProductDependency section */
	};
	rootObject = BC000000000000000000000A /* Project object */;
}
